
Microsoft Visual Studio Solution File, Format Version 12.00
# Visual Studio Version 17
VisualStudioVersion = 17.5.002.0
MinimumVisualStudioVersion = 10.0.40219.1
Project("{9A19103F-16F7-4668-BE54-9A1E7A4F7556}") = "pdfyai", "pdfyai.csproj", "{5A7D3372-B496-46F0-99EF-35E594D42B90}"
EndProject
Global
	GlobalSection(SolutionConfigurationPlatforms) = preSolution
		Debug|Any CPU = Debug|Any CPU
		Release|Any CPU = Release|Any CPU
	EndGlobalSection
	GlobalSection(ProjectConfigurationPlatforms) = postSolution
		{5A7D3372-B496-46F0-99EF-35E594D42B90}.Debug|Any CPU.ActiveCfg = Debug|Any CPU
		{5A7D3372-B496-46F0-99EF-35E594D42B90}.Debug|Any CPU.Build.0 = Debug|Any CPU
		{5A7D3372-B496-46F0-99EF-35E594D42B90}.Release|Any CPU.ActiveCfg = Release|Any CPU
		{5A7D3372-B496-46F0-99EF-35E594D42B90}.Release|Any CPU.Build.0 = Release|Any CPU
	EndGlobalSection
	GlobalSection(SolutionProperties) = preSolution
		HideSolutionNode = FALSE
	EndGlobalSection
	GlobalSection(ExtensibilityGlobals) = postSolution
		SolutionGuid = {0ED66F21-C971-4111-AA4A-DE3CFE160162}
	EndGlobalSection
EndGlobal
